{
    "_readme": [
        "This file locks the dependencies of your project to a known state",
        "Read more about it at https://getcomposer.org/doc/01-basic-usage.md#composer-lock-the-lock-file",
        "This file is @generated automatically"
    ],
    "content-hash": "5e71b6108d0c7d03674a75c73b0a6fab",
    "packages": [
        {
            "name": "aiphilos/api-sdk-php",
            "version": "dev-master",
            "source": {
                "type": "git",
                "url": "https://github.com/aiphilos/api-sdk-php.git",
                "reference": "bcb3f170422510201fa2752eb66a3046b129c34c"
            },
            "dist": {
                "type": "zip",
                "url": "https://api.github.com/repos/aiphilos/api-sdk-php/zipball/bcb3f170422510201fa2752eb66a3046b129c34c",
                "reference": "bcb3f170422510201fa2752eb66a3046b129c34c",
                "shasum": ""
            },
            "require": {
                "ext-curl": "*",
                "php": "^5.3 || ^7.0"
            },
            "require-dev": {
                "phpunit/phpunit": "4.8.*"
            },
            "type": "library",
            "autoload": {
                "psr-4": {
                    "Aiphilos\\Api\\": "src/"
                },
                "exclude-from-classmap": [
                    "tests/"
                ]
            },
            "notification-url": "https://packagist.org/downloads/",
            "license": [
                "Apache-2.0"
            ],
            "authors": [
                {
                    "name": "Sven Muhle"
                }
            ],
            "description": "SDK for api.aiphilos.com",
            "keywords": [
                "ai",
                "aiphilos",
                "api",
                "client",
                "ephilos",
                "sdk"
            ],
            "time": "2017-12-07T11:24:42+00:00"
        }
    ],
    "packages-dev": [],
    "aliases": [],
    "minimum-stability": "stable",
    "stability-flags": {
        "aiphilos/api-sdk-php": 20
    },
    "prefer-stable": false,
    "prefer-lowest": false,
    "platform": [],
    "platform-dev": []
}
